# THIS IS AN AUTOGENERATED FILE. DO NOT EDIT THIS FILE DIRECTLY.
# yarn lockfile v1


"@bufbuild/buf-darwin-arm64@1.30.1":
  version "1.30.1"
  resolved "https://registry.yarnpkg.com/@bufbuild/buf-darwin-arm64/-/buf-darwin-arm64-1.30.1.tgz#294b45cbdf7ef67f042580c212729d8b3da21102"
  integrity sha512-FRgf+x4V4s9Z1wH2xHdP8+1AYtil1GCmMjzKf/4AQ+eaUpoLfipSIsVYiBrnpcRxEPe9UMVzwNjKtPak/szwPw==

"@bufbuild/buf-darwin-x64@1.30.1":
  version "1.30.1"
  resolved "https://registry.yarnpkg.com/@bufbuild/buf-darwin-x64/-/buf-darwin-x64-1.30.1.tgz#9518def718a7e555f8fc5c2c810c92cf1902efb3"
  integrity sha512-kE0ne45zE7lSdv9WxPVhapwu627WMbWmWCzqSxzYr8sWDLqiAuw+XvO9/mHGdPWcMhV4lMX6tutitd9PPVxK8A==

"@bufbuild/buf-linux-aarch64@1.30.1":
  version "1.30.1"
  resolved "https://registry.yarnpkg.com/@bufbuild/buf-linux-aarch64/-/buf-linux-aarch64-1.30.1.tgz#f0bf5e93d80e614dc0c46edd0c9c66ed4db508e9"
  integrity sha512-kVV9Sl0GwZiQkMOXJiuwuU+gIHe6AWcYBMRMmuW55sY0ePZNXBmRGt4k5W4ijy98O6pnY3ao+n9ne0KwiD9MVA==

"@bufbuild/buf-linux-x64@1.30.1":
  version "1.30.1"
  resolved "https://registry.yarnpkg.com/@bufbuild/buf-linux-x64/-/buf-linux-x64-1.30.1.tgz#5ba1618d317d9658f10bc0e0a0265ab0de73b3db"
  integrity sha512-RacDbQJYNwqRlMESa/rLHprfUVa8Wu1/cmcqS29Fyt/cGzs0G8sNcQzQ87HYFIS9cSlSPl6vWL0x8JqQRp68lQ==

"@bufbuild/buf-win32-arm64@1.30.1":
  version "1.30.1"
  resolved "https://registry.yarnpkg.com/@bufbuild/buf-win32-arm64/-/buf-win32-arm64-1.30.1.tgz#ac4dc7fc1181d93bfa8794a7c72171f3134e55e5"
  integrity sha512-ndp/qb5M6yrSzcnMI0j4jjAuDKa7zHBFc187FwyDb3v63rvyQeYqncHb0leT5ZWqfNggJT4vXIH6QnH82PfDQw==

"@bufbuild/buf-win32-x64@1.30.1":
  version "1.30.1"
  resolved "https://registry.yarnpkg.com/@bufbuild/buf-win32-x64/-/buf-win32-x64-1.30.1.tgz#49cb5b1ddaf011dcefb0b1a774c42fd16bb63fb9"
  integrity sha512-1kmIY6oKLKZ4zIQVNG60GRDp+vKSZdaim7wRejOtgEDuWXhIuErlnGbpstypU8FO+OV3SeFUJNOJ8tLOYd3PvQ==

"@bufbuild/buf@^1.30.1":
  version "1.30.1"
  resolved "https://registry.yarnpkg.com/@bufbuild/buf/-/buf-1.30.1.tgz#d658e17fa1533ecc7fa5b9590118a0b0b7e386d1"
  integrity sha512-9VVvrXBCWUiH8ToccqDfPRuTiPXSbHmSkL8XPlMpUhpJIlm01m4/Vzbc5FJL1yuk3e1rdBGCF6I9Obs9NsILzg==
  optionalDependencies:
    "@bufbuild/buf-darwin-arm64" "1.30.1"
    "@bufbuild/buf-darwin-x64" "1.30.1"
    "@bufbuild/buf-linux-aarch64" "1.30.1"
    "@bufbuild/buf-linux-x64" "1.30.1"
    "@bufbuild/buf-win32-arm64" "1.30.1"
    "@bufbuild/buf-win32-x64" "1.30.1"

"@bufbuild/protobuf@1.8.0", "@bufbuild/protobuf@^1.7.2", "@bufbuild/protobuf@^1.8.0":
  version "1.8.0"
  resolved "https://registry.yarnpkg.com/@bufbuild/protobuf/-/protobuf-1.8.0.tgz#1c8651ea34adb8019b483e09de02aeeb1cd57d79"
  integrity sha512-qR9FwI8QKIveDnUYutvfzbC21UZJJryYrLuZGjeZ/VGz+vXelUkK+xgkOHsvPEdYEdxtgUUq4313N8QtOehJ1Q==

"@bufbuild/protoc-gen-es@^1.8.0":
  version "1.8.0"
  resolved "https://registry.yarnpkg.com/@bufbuild/protoc-gen-es/-/protoc-gen-es-1.8.0.tgz#b16cca884ccba23f1401104ca002028635a2b169"
  integrity sha512-jnvBKwHq3o/iOgfKxaxn5Za7ay4oAs8KWgoHiDc9Fsb0g+/d1z+mHlHvmevOiCPcVZsnH6V3LImOJvGStPONpA==
  dependencies:
    "@bufbuild/protobuf" "^1.8.0"
    "@bufbuild/protoplugin" "1.8.0"

"@bufbuild/protoplugin@1.8.0", "@bufbuild/protoplugin@^1.7.2":
  version "1.8.0"
  resolved "https://registry.yarnpkg.com/@bufbuild/protoplugin/-/protoplugin-1.8.0.tgz#0e60a79d195ad79d014c263ae9c57f64063d23a5"
  integrity sha512-Pb89cTshW+I577qh27VvxGYvZEvQ3zJ8La1OfzPCKugP9d4A4P65WStkAY+aSCiDHk68m1/+mtBb6elfiLPuFg==
  dependencies:
    "@bufbuild/protobuf" "1.8.0"
    "@typescript/vfs" "^1.4.0"
    typescript "4.5.2"

"@connectrpc/protoc-gen-connect-es@^1.4.0":
  version "1.4.0"
  resolved "https://registry.yarnpkg.com/@connectrpc/protoc-gen-connect-es/-/protoc-gen-connect-es-1.4.0.tgz#428d971bcf2c6b4241058cdf8f98a68723db616f"
  integrity sha512-/7vQ8Q7mEBhV8qEVh/eifRQlQnf8EJ6weMwCD2DljVAQRlZYcW9SLxjYZhV1uM1ZZqQC7Cw2vvgXRg2XQswHBg==
  dependencies:
    "@bufbuild/protobuf" "^1.7.2"
    "@bufbuild/protoplugin" "^1.7.2"

"@types/node@^20.12.7":
  version "20.12.7"
  resolved "https://registry.yarnpkg.com/@types/node/-/node-20.12.7.tgz#04080362fa3dd6c5822061aa3124f5c152cff384"
  integrity sha512-wq0cICSkRLVaf3UGLMGItu/PtdY7oaXaI/RVU+xliKVOtRna3PRY57ZDfztpDL0n11vfymMUnXv8QwYCO7L1wg==
  dependencies:
    undici-types "~5.26.4"

"@typescript/vfs@^1.4.0":
  version "1.5.0"
  resolved "https://registry.yarnpkg.com/@typescript/vfs/-/vfs-1.5.0.tgz#ed942922724f9ace8c07c80b006c47e5e3833218"
  integrity sha512-AJS307bPgbsZZ9ggCT3wwpg3VbTKMFNHfaY/uF0ahSkYYrPF2dSSKDNIDIQAHm9qJqbLvCsSJH7yN4Vs/CsMMg==
  dependencies:
    debug "^4.1.1"

debug@^4.1.1:
  version "4.3.4"
  resolved "https://registry.yarnpkg.com/debug/-/debug-4.3.4.tgz#1319f6579357f2338d3337d2cdd4914bb5dcc865"
  integrity sha512-PRWFHuSU3eDtQJPvnNY7Jcket1j0t5OuOsFzPPzsekD52Zl8qUfFIPEiswXqIvHWGVHOgX+7G/vCNNhehwxfkQ==
  dependencies:
    ms "2.1.2"

ms@2.1.2:
  version "2.1.2"
  resolved "https://registry.yarnpkg.com/ms/-/ms-2.1.2.tgz#d09d1f357b443f493382a8eb3ccd183872ae6009"
  integrity sha512-sGkPx+VjMtmA6MX27oA4FBFELFCZZ4S4XqeGOXCv68tT+jb3vk/RyaKWP0PTKyWtmLSM0b+adUTEvbs1PEaH2w==

typescript@4.5.2:
  version "4.5.2"
  resolved "https://registry.yarnpkg.com/typescript/-/typescript-4.5.2.tgz#8ac1fba9f52256fdb06fb89e4122fa6a346c2998"
  integrity sha512-5BlMof9H1yGt0P8/WF+wPNw6GfctgGjXp5hkblpyT+8rkASSmkUKMXrxR0Xg8ThVCi/JnHQiKXeBaEwCeQwMFw==

typescript@^4.8.2:
  version "4.9.5"
  resolved "https://registry.yarnpkg.com/typescript/-/typescript-4.9.5.tgz#095979f9bcc0d09da324d58d03ce8f8374cbe65a"
  integrity sha512-1FXk9E2Hm+QzZQ7z+McJiHL4NW1F2EzMu9Nq9i3zAaGqibafqYwCVU6WyWAuyQRRzOlxou8xZSyXLEN8oKj24g==

undici-types@~5.26.4:
  version "5.26.5"
  resolved "https://registry.yarnpkg.com/undici-types/-/undici-types-5.26.5.tgz#bcd539893d00b56e964fd2657a4866b221a65617"
  integrity sha512-JlCMO+ehdEIKqlFxk6IfVoAUVmgz7cU7zD/h9XZ0qzeosSHmUJVOzSQvvYSYWXkFXC+IfLKSIffhv0sVZup6pA==
